schema: '2.0'
stages:
  data_ingestion:
    cmd: python src/data_ingestion.py
    deps:
    - path: src/data_ingestion.py
      hash: md5
      md5: d23d4c98190f9ab3e2da888e93738e98
      size: 3681
    params:
      params.yaml:
        data_ingestion.test_size: 0.3
    outs:
    - path: data/raw
      hash: md5
      md5: d26befd2dda9438254177d9000d9ba1f.dir
      size: 484846
      nfiles: 2
  data_preprocessing:
    cmd: python src/data_preprocessing.py
    deps:
    - path: data/raw
      hash: md5
      md5: d26befd2dda9438254177d9000d9ba1f.dir
      size: 484846
      nfiles: 2
    - path: src/data_preprocessing.py
      hash: md5
      md5: 90720b49ec6bbc164f0acfd5f67e830a
      size: 4095
    outs:
    - path: data/interim
      hash: md5
      md5: 61ca13b2e20854a1f7bacbbcfeca409e.dir
      size: 262513
      nfiles: 2
  feature_engineering:
    cmd: python src/feature_engineering.py
    deps:
    - path: data/interim
      hash: md5
      md5: 61ca13b2e20854a1f7bacbbcfeca409e.dir
      size: 262513
      nfiles: 2
    - path: src/feature_engineering.py
      hash: md5
      md5: b28c2ebe3fc8ad9afb6eb7601acbafb4
      size: 4117
    outs:
    - path: data/processed
      hash: md5
      md5: 05bcb87ea27b5170ac8e80b1bd8b9799.dir
      size: 723352
      nfiles: 2
  model_building:
    cmd: python src/model_building.py
    deps:
    - path: data/processed
      hash: md5
      md5: 05bcb87ea27b5170ac8e80b1bd8b9799.dir
      size: 723352
      nfiles: 2
    - path: src/model_building.py
      hash: md5
      md5: 917c35fd9cf7766f1ed89089f186d018
      size: 4541
    params:
      params.yaml:
        model_building.n_estimators: 20
        model_building.random_state: 2
    outs:
    - path: models/model.pkl
      hash: md5
      md5: 181011c879d5c2bad6caa7627e2f6a89
      size: 451585
  model_evaluation:
    cmd: python src/model_evaluation.py
    deps:
    - path: models/model.pkl
      hash: md5
      md5: 181011c879d5c2bad6caa7627e2f6a89
      size: 451585
    - path: src/model_evaluation.py
      hash: md5
      md5: 4030a0c7d8c026d088690d3e50682e24
      size: 4996
    outs:
    - path: reports/metrics.json
      hash: md5
      md5: 2229fab381efd3ddf13b354f0e58fa19
      size: 122
