schema: '2.0'
stages:
  data_ingestion:
    cmd: python src/data_ingestion.py
    deps:
    - path: src/data_ingestion.py
      hash: md5
      md5: d23d4c98190f9ab3e2da888e93738e98
      size: 3681
    params:
      params.yaml:
        data_ingestion.test_size: 0.15
    outs:
    - path: data/raw
      hash: md5
      md5: a15ba66afdf82f8659b031b175286ed3.dir
      size: 484846
      nfiles: 2
  data_preprocessing:
    cmd: python src/data_preprocessing.py
    deps:
    - path: data/raw
      hash: md5
      md5: a15ba66afdf82f8659b031b175286ed3.dir
      size: 484846
      nfiles: 2
    - path: src/data_preprocessing.py
      hash: md5
      md5: 90720b49ec6bbc164f0acfd5f67e830a
      size: 4095
    outs:
    - path: data/interim
      hash: md5
      md5: 60a6fff4e80508df65a68e383fa2725e.dir
      size: 259164
      nfiles: 2
  feature_engineering:
    cmd: python src/feature_engineering.py
    deps:
    - path: data/interim
      hash: md5
      md5: 60a6fff4e80508df65a68e383fa2725e.dir
      size: 259164
      nfiles: 2
    - path: src/feature_engineering.py
      hash: md5
      md5: b28c2ebe3fc8ad9afb6eb7601acbafb4
      size: 4117
    outs:
    - path: data/processed
      hash: md5
      md5: e88e7aefe88dc92f9bff4673bd46bb88.dir
      size: 1062501
      nfiles: 2
  model_building:
    cmd: python src/model_building.py
    deps:
    - path: data/processed
      hash: md5
      md5: e88e7aefe88dc92f9bff4673bd46bb88.dir
      size: 1062501
      nfiles: 2
    - path: src/model_building.py
      hash: md5
      md5: 917c35fd9cf7766f1ed89089f186d018
      size: 4541
    params:
      params.yaml:
        model_building.n_estimators: 20
        model_building.random_state: 2
    outs:
    - path: models/model.pkl
      hash: md5
      md5: aa433b988719cf172399fa30233b1052
      size: 731704
  model_evaluation:
    cmd: python src/model_evaluation.py
    deps:
    - path: models/model.pkl
      hash: md5
      md5: aa433b988719cf172399fa30233b1052
      size: 731704
    - path: src/model_evaluation.py
      hash: md5
      md5: 125eeb8300c0c5c528768e3d2d37e515
      size: 4343
    outs:
    - path: reports/metrics.json
      hash: md5
      md5: 1e438f7c6145d79add7d42f9b02825b0
      size: 107
