schema: '2.0'
stages:
  data_ingestion:
    cmd: python src/data_ingestion.py
    deps:
    - path: src/data_ingestion.py
      hash: md5
      md5: 47dbeead05a5f043f3961082635ca166
      size: 3580
    params:
      params.yaml:
        data_ingestion.test_size: 0.3
    outs:
    - path: data/raw
      hash: md5
      md5: 6c14fc5d4581715d0c084959eeff4b01.dir
      size: 479272
      nfiles: 2
  data_preprocessing:
    cmd: python src/data_preprocessing.py
    deps:
    - path: data/raw
      hash: md5
      md5: 6c14fc5d4581715d0c084959eeff4b01.dir
      size: 479272
      nfiles: 2
    - path: src/data_preprocessing.py
      hash: md5
      md5: b0c1bdc6a6a6511efd52f63fd7666a9f
      size: 3951
    outs:
    - path: data/interim
      hash: md5
      md5: fcdf9b1812341d37d32678777f9249b7.dir
      size: 162230
      nfiles: 2
  feature_engineering:
    cmd: python src/feature_engineering.py
    deps:
    - path: data/interim
      hash: md5
      md5: fcdf9b1812341d37d32678777f9249b7.dir
      size: 162230
      nfiles: 2
    - path: src/feature_engineering.py
      hash: md5
      md5: 55c838f8b9b24bdf96f0bf4a576fbf73
      size: 3798
    params:
      params.yaml:
        feature_engineering.max_features: 30
    outs:
    - path: data/processed
      hash: md5
      md5: aa2266f64bc204bee6b5cef90adbd1f0.dir
      size: 445738
      nfiles: 2
  model_building:
    cmd: python src/model_building.py
    deps:
    - path: data/processed
      hash: md5
      md5: aa2266f64bc204bee6b5cef90adbd1f0.dir
      size: 445738
      nfiles: 2
    - path: src/model_building.py
      hash: md5
      md5: 16e0d1bba66dd2b28877148a330f12f2
      size: 4344
    params:
      params.yaml:
        model_building.n_estimators: 30
        model_building.random_state: 2
    outs:
    - path: models/model.pkl
      hash: md5
      md5: 27c0d8ada6a2a5faa59e0fdf85b077ed
      size: 531655
  model_evaluation:
    cmd: python src/model_evaluation.py
    deps:
    - path: models/model.pkl
      hash: md5
      md5: 27c0d8ada6a2a5faa59e0fdf85b077ed
      size: 531655
    - path: src/model_evaluation.py
      hash: md5
      md5: 8855f56370ae84f07fe6f773a1bce339
      size: 4732
    outs:
    - path: reports/metrics.json
      hash: md5
      md5: 87ec58c8e65a8f378892aa97c50afeb3
      size: 121
